// !$*UTF8*$!
{
	archiveVersion = 1;
	classes = {
	};
	objectVersion = 46;
	objects = {

/* Begin PBXBuildFile section */
		230C86D3F79B5A1970892047 /* Pods_TumblrLab.framework in Frameworks */ = {isa = PBXBuildFile; fileRef = 2402C594ABAD37BB22D2C024 /* Pods_TumblrLab.framework */; };
		A12963931E4BE4870045C5F2 /* PhotoDetailsViewController.swift in Sources */ = {isa = PBXBuildFile; fileRef = A12963921E4BE4870045C5F2 /* PhotoDetailsViewController.swift */; };
		A1BDB7661E340FBA006CEABD /* AppDelegate.swift in Sources */ = {isa = PBXBuildFile; fileRef = A1BDB7651E340FBA006CEABD /* AppDelegate.swift */; };
		A1BDB76B1E340FBA006CEABD /* Main.storyboard in Resources */ = {isa = PBXBuildFile; fileRef = A1BDB7691E340FBA006CEABD /* Main.storyboard */; };
		A1BDB76D1E340FBA006CEABD /* Assets.xcassets in Resources */ = {isa = PBXBuildFile; fileRef = A1BDB76C1E340FBA006CEABD /* Assets.xcassets */; };
		A1BDB7701E340FBA006CEABD /* LaunchScreen.storyboard in Resources */ = {isa = PBXBuildFile; fileRef = A1BDB76E1E340FBA006CEABD /* LaunchScreen.storyboard */; };
		A1BDB7781E341643006CEABD /* PhotosViewController.swift in Sources */ = {isa = PBXBuildFile; fileRef = A1BDB7771E341643006CEABD /* PhotosViewController.swift */; };
		A1BDB77A1E34192B006CEABD /* PhotoCell.swift in Sources */ = {isa = PBXBuildFile; fileRef = A1BDB7791E34192B006CEABD /* PhotoCell.swift */; };
/* End PBXBuildFile section */

/* Begin PBXFileReference section */
		2402C594ABAD37BB22D2C024 /* Pods_TumblrLab.framework */ = {isa = PBXFileReference; explicitFileType = wrapper.framework; includeInIndex = 0; path = Pods_TumblrLab.framework; sourceTree = BUILT_PRODUCTS_DIR; };
		4DEDCB531E0225579B311796 /* Pods-TumblrLab.debug.xcconfig */ = {isa = PBXFileReference; includeInIndex = 1; lastKnownFileType = text.xcconfig; name = "Pods-TumblrLab.debug.xcconfig"; path = "Pods/Target Support Files/Pods-TumblrLab/Pods-TumblrLab.debug.xcconfig"; sourceTree = "<group>"; };
		A12963921E4BE4870045C5F2 /* PhotoDetailsViewController.swift */ = {isa = PBXFileReference; fileEncoding = 4; lastKnownFileType = sourcecode.swift; path = PhotoDetailsViewController.swift; sourceTree = "<group>"; };
		A1BDB7621E340FBA006CEABD /* TumblrLab.app */ = {isa = PBXFileReference; explicitFileType = wrapper.application; includeInIndex = 0; path = TumblrLab.app; sourceTree = BUILT_PRODUCTS_DIR; };
		A1BDB7651E340FBA006CEABD /* AppDelegate.swift */ = {isa = PBXFileReference; lastKnownFileType = sourcecode.swift; path = AppDelegate.swift; sourceTree = "<group>"; };
		A1BDB76A1E340FBA006CEABD /* Base */ = {isa = PBXFileReference; lastKnownFileType = file.storyboard; name = Base; path = Base.lproj/Main.storyboard; sourceTree = "<group>"; };
		A1BDB76C1E340FBA006CEABD /* Assets.xcassets */ = {isa = PBXFileReference; lastKnownFileType = folder.assetcatalog; path = Assets.xcassets; sourceTree = "<group>"; };
		A1BDB76F1E340FBA006CEABD /* Base */ = {isa = PBXFileReference; lastKnownFileType = file.storyboard; name = Base; path = Base.lproj/LaunchScreen.storyboard; sourceTree = "<group>"; };
		A1BDB7711E340FBA006CEABD /* Info.plist */ = {isa = PBXFileReference; lastKnownFileType = text.plist.xml; path = Info.plist; sourceTree = "<group>"; };
		A1BDB7771E341643006CEABD /* PhotosViewController.swift */ = {isa = PBXFileReference; fileEncoding = 4; lastKnownFileType = sourcecode.swift; path = PhotosViewController.swift; sourceTree = "<group>"; };
		A1BDB7791E34192B006CEABD /* PhotoCell.swift */ = {isa = PBXFileReference; fileEncoding = 4; lastKnownFileType = sourcecode.swift; path = PhotoCell.swift; sourceTree = "<group>"; };
		C3F6A1E6B8FD7FAD63145C9D /* Pods-TumblrLab.release.xcconfig */ = {isa = PBXFileReference; includeInIndex = 1; lastKnownFileType = text.xcconfig; name = "Pods-TumblrLab.release.xcconfig"; path = "Pods/Target Support Files/Pods-TumblrLab/Pods-TumblrLab.release.xcconfig"; sourceTree = "<group>"; };
/* End PBXFileReference section */

/* Begin PBXFrameworksBuildPhase section */
		A1BDB75F1E340FBA006CEABD /* Frameworks */ = {
			isa = PBXFrameworksBuildPhase;
			buildActionMask = 2147483647;
			files = (
				230C86D3F79B5A1970892047 /* Pods_TumblrLab.framework in Frameworks */,
			);
			runOnlyForDeploymentPostprocessing = 0;
		};
/* End PBXFrameworksBuildPhase section */

/* Begin PBXGroup section */
		2134A1F748E9EA17693BBA3D /* Pods */ = {
			isa = PBXGroup;
			children = (
				4DEDCB531E0225579B311796 /* Pods-TumblrLab.debug.xcconfig */,
				C3F6A1E6B8FD7FAD63145C9D /* Pods-TumblrLab.release.xcconfig */,
			);
			name = Pods;
			sourceTree = "<group>";
		};
		A1BDB7591E340FBA006CEABD = {
			isa = PBXGroup;
			children = (
				A1BDB7641E340FBA006CEABD /* TumblrLab */,
				A1BDB7631E340FBA006CEABD /* Products */,
				2134A1F748E9EA17693BBA3D /* Pods */,
				FF8AD5507F7DB6B896BC2F04 /* Frameworks */,
			);
			sourceTree = "<group>";
		};
		A1BDB7631E340FBA006CEABD /* Products */ = {
			isa = PBXGroup;
			children = (
				A1BDB7621E340FBA006CEABD /* TumblrLab.app */,
			);
			name = Products;
			sourceTree = "<group>";
		};
		A1BDB7641E340FBA006CEABD /* TumblrLab */ = {
			isa = PBXGroup;
			children = (
				A1BDB7651E340FBA006CEABD /* AppDelegate.swift */,
				A1BDB7691E340FBA006CEABD /* Main.storyboard */,
				A12963921E4BE4870045C5F2 /* PhotoDetailsViewController.swift */,
				A1BDB76C1E340FBA006CEABD /* Assets.xcassets */,
				A1BDB76E1E340FBA006CEABD /* LaunchScreen.storyboard */,
				A1BDB7711E340FBA006CEABD /* Info.plist */,
				A1BDB7771E341643006CEABD /* PhotosViewController.swift */,
				A1BDB7791E34192B006CEABD /* PhotoCell.swift */,
			);
			path = TumblrLab;
			sourceTree = "<group>";
		};
		FF8AD5507F7DB6B896BC2F04 /* Frameworks */ = {
			isa = PBXGroup;
			children = (
				2402C594ABAD37BB22D2C024 /* Pods_TumblrLab.framework */,
			);
			name = Frameworks;
			sourceTree = "<group>";
		};
/* End PBXGroup section */

/* Begin PBXNativeTarget section */
		A1BDB7611E340FBA006CEABD /* TumblrLab */ = {
			isa = PBXNativeTarget;
			buildConfigurationList = A1BDB7741E340FBA006CEABD /* Build configuration list for PBXNativeTarget "TumblrLab" */;
			buildPhases = (
				55B0CA709C6E710863CEF9F0 /* [CP] Check Pods Manifest.lock */,
				A1BDB75E1E340FBA006CEABD /* Sources */,
				A1BDB75F1E340FBA006CEABD /* Frameworks */,
				A1BDB7601E340FBA006CEABD /* Resources */,
				D232120D0108B7C21E5492E6 /* [CP] Embed Pods Frameworks */,
				B27C8A600E8162B0195118C4 /* [CP] Copy Pods Resources */,
			);
			buildRules = (
			);
			dependencies = (
			);
			name = TumblrLab;
			productName = TumblrLab;
			productReference = A1BDB7621E340FBA006CEABD /* TumblrLab.app */;
			productType = "com.apple.product-type.application";
		};
/* End PBXNativeTarget section */

/* Begin PBXProject section */
		A1BDB75A1E340FBA006CEABD /* Project object */ = {
			isa = PBXProject;
			attributes = {
				LastSwiftUpdateCheck = 0820;
				LastUpgradeCheck = 0820;
				ORGANIZATIONNAME = "Eric Suarez";
				TargetAttributes = {
					A1BDB7611E340FBA006CEABD = {
						CreatedOnToolsVersion = 8.2.1;
						DevelopmentTeam = TRQ9HDB883;
						ProvisioningStyle = Automatic;
					};
				};
			};
			buildConfigurationList = A1BDB75D1E340FBA006CEABD /* Build configuration list for PBXProject "TumblrLab" */;
			compatibilityVersion = "Xcode 3.2";
			developmentRegion = English;
			hasScannedForEncodings = 0;
			knownRegions = (
				en,
				Base,
			);
			mainGroup = A1BDB7591E340FBA006CEABD;
			productRefGroup = A1BDB7631E340FBA006CEABD /* Products */;
			projectDirPath = "";
			projectRoot = "";
			targets = (
				A1BDB7611E340FBA006CEABD /* TumblrLab */,
			);
		};
/* End PBXProject section */

/* Begin PBXResourcesBuildPhase section */
		A1BDB7601E340FBA006CEABD /* Resources */ = {
			isa = PBXResourcesBuildPhase;
			buildActionMask = 2147483647;
			files = (
				A1BDB7701E340FBA006CEABD /* LaunchScreen.storyboard in Resources */,
				A1BDB76D1E340FBA006CEABD /* Assets.xcassets in Resources */,
				A1BDB76B1E340FBA006CEABD /* Main.storyboard in Resources */,
			);
			runOnlyForDeploymentPostprocessing = 0;
		};
/* End PBXResourcesBuildPhase section */

/* Begin PBXShellScriptBuildPhase section */
		55B0CA709C6E710863CEF9F0 /* [CP] Check Pods Manifest.lock */ = {
			isa = PBXShellScriptBuildPhase;
			buildActionMask = 2147483647;
			files = (
			);
			inputPaths = (
			);
			name = "[CP] Check Pods Manifest.lock";
			outputPaths = (
			);
			runOnlyForDeploymentPostprocessing = 0;
			shellPath = /bin/sh;
			shellScript = "diff \"${PODS_ROOT}/../Podfile.lock\" \"${PODS_ROOT}/Manifest.lock\" > /dev/null\nif [ $? != 0 ] ; then\n    # print error to STDERR\n    echo \"error: The sandbox is not in sync with the Podfile.lock. Run 'pod install' or update your CocoaPods installation.\" >&2\n    exit 1\nfi\n";
			showEnvVarsInLog = 0;
		};
		B27C8A600E8162B0195118C4 /* [CP] Copy Pods Resources */ = {
			isa = PBXShellScriptBuildPhase;
			buildActionMask = 2147483647;
			files = (
			);
			inputPaths = (
			);
			name = "[CP] Copy Pods Resources";
			outputPaths = (
			);
			runOnlyForDeploymentPostprocessing = 0;
			shellPath = /bin/sh;
			shellScript = "\"${SRCROOT}/Pods/Target Support Files/Pods-TumblrLab/Pods-TumblrLab-resources.sh\"\n";
			showEnvVarsInLog = 0;
		};
		D232120D0108B7C21E5492E6 /* [CP] Embed Pods Frameworks */ = {
			isa = PBXShellScriptBuildPhase;
			buildActionMask = 2147483647;
			files = (
			);
			inputPaths = (
			);
			name = "[CP] Embed Pods Frameworks";
			outputPaths = (
			);
			runOnlyForDeploymentPostprocessing = 0;
			shellPath = /bin/sh;
			shellScript = "\"${SRCROOT}/Pods/Target Support Files/Pods-TumblrLab/Pods-TumblrLab-frameworks.sh\"\n";
			showEnvVarsInLog = 0;
		};
/* End PBXShellScriptBuildPhase section */

/* Begin PBXSourcesBuildPhase section */
		A1BDB75E1E340FBA006CEABD /* Sources */ = {
			isa = PBXSourcesBuildPhase;
			buildActionMask = 2147483647;
			files = (
				A12963931E4BE4870045C5F2 /* PhotoDetailsViewController.swift in Sources */,
				A1BDB7661E340FBA006CEABD /* AppDelegate.swift in Sources */,
				A1BDB77A1E34192B006CEABD /* PhotoCell.swift in Sources */,
				A1BDB7781E341643006CEABD /* PhotosViewController.swift in Sources */,
			);
			runOnlyForDeploymentPostprocessing = 0;
		};
/* End PBXSourcesBuildPhase section */

/* Begin PBXVariantGroup section */
		A1BDB7691E340FBA006CEABD /* Main.storyboard */ = {
			isa = PBXVariantGroup;
			children = (
				A1BDB76A1E340FBA006CEABD /* Base */,
			);
			name = Main.storyboard;
			sourceTree = "<group>";
		};
		A1BDB76E1E340FBA006CEABD /* LaunchScreen.storyboard */ = {
			isa = PBXVariantGroup;
			children = (
				A1BDB76F1E340FBA006CEABD /* Base */,
			);
			name = LaunchScreen.storyboard;
			sourceTree = "<group>";
		};
/* End PBXVariantGroup section */

/* Begin XCBuildConfiguration section */
		A1BDB7721E340FBA006CEABD /* Debug */ = {
			isa = XCBuildConfiguration;
			buildSettings = {
				ALWAYS_SEARCH_USER_PATHS = NO;
				CLANG_ANALYZER_NONNULL = YES;
				CLANG_CXX_LANGUAGE_STANDARD = "gnu++0x";
				CLANG_CXX_LIBRARY = "libc++";
				CLANG_ENABLE_MODULES = YES;
				CLANG_ENABLE_OBJC_ARC = YES;
				CLANG_WARN_BOOL_CONVERSION = YES;
				CLANG_WARN_CONSTANT_CONVERSION = YES;
				CLANG_WARN_DIRECT_OBJC_ISA_USAGE = YES_ERROR;
				CLANG_WARN_DOCUMENTATION_COMMENTS = YES;
				CLANG_WARN_EMPTY_BODY = YES;
				CLANG_WARN_ENUM_CONVERSION = YES;
				CLANG_WARN_INFINITE_RECURSION = YES;
				CLANG_WARN_INT_CONVERSION = YES;
				CLANG_WARN_OBJC_ROOT_CLASS = YES_ERROR;
				CLANG_WARN_SUSPICIOUS_MOVE = YES;
				CLANG_WARN_UNREACHABLE_CODE = YES;
				CLANG_WARN__DUPLICATE_METHOD_MATCH = YES;
				"CODE_SIGN_IDENTITY[sdk=iphoneos*]" = "iPhone Developer";
				COPY_PHASE_STRIP = NO;
				DEBUG_INFORMATION_FORMAT = dwarf;
				ENABLE_STRICT_OBJC_MSGSEND = YES;
				ENABLE_TESTABILITY = YES;
				GCC_C_LANGUAGE_STANDARD = gnu99;
				GCC_DYNAMIC_NO_PIC = NO;
				GCC_NO_COMMON_BLOCKS = YES;
				GCC_OPTIMIZATION_LEVEL = 0;
				GCC_PREPROCESSOR_DEFINITIONS = (
					"DEBUG=1",
					"$(inherited)",
				);
				GCC_WARN_64_TO_32_BIT_CONVERSION = YES;
				GCC_WARN_ABOUT_RETURN_TYPE = YES_ERROR;
				GCC_WARN_UNDECLARED_SELECTOR = YES;
				GCC_WARN_UNINITIALIZED_AUTOS = YES_AGGRESSIVE;
				GCC_WARN_UNUSED_FUNCTION = YES;
				GCC_WARN_UNUSED_VARIABLE = YES;
				IPHONEOS_DEPLOYMENT_TARGET = 10.2;
				MTL_ENABLE_DEBUG_INFO = YES;
				ONLY_ACTIVE_ARCH = YES;
				SDKROOT = iphoneos;
				SWIFT_ACTIVE_COMPILATION_CONDITIONS = DEBUG;
				SWIFT_OPTIMIZATION_LEVEL = "-Onone";
			};
			name = Debug;
		};
		A1BDB7731E340FBA006CEABD /* Release */ = {
			isa = XCBuildConfiguration;
			buildSettings = {
				ALWAYS_SEARCH_USER_PATHS = NO;
				CLANG_ANALYZER_NONNULL = YES;
				CLANG_CXX_LANGUAGE_STANDARD = "gnu++0x";
				CLANG_CXX_LIBRARY = "libc++";
				CLANG_ENABLE_MODULES = YES;
				CLANG_ENABLE_OBJC_ARC = YES;
				CLANG_WARN_BOOL_CONVERSION = YES;
				CLANG_WARN_CONSTANT_CONVERSION = YES;
				CLANG_WARN_DIRECT_OBJC_ISA_USAGE = YES_ERROR;
				CLANG_WARN_DOCUMENTATION_COMMENTS = YES;
				CLANG_WARN_EMPTY_BODY = YES;
				CLANG_WARN_ENUM_CONVERSION = YES;
				CLANG_WARN_INFINITE_RECURSION = YES;
				CLANG_WARN_INT_CONVERSION = YES;
				CLANG_WARN_OBJC_ROOT_CLASS = YES_ERROR;
				CLANG_WARN_SUSPICIOUS_MOVE = YES;
				CLANG_WARN_UNREACHABLE_CODE = YES;
				CLANG_WARN__DUPLICATE_METHOD_MATCH = YES;
				"CODE_SIGN_IDENTITY[sdk=iphoneos*]" = "iPhone Developer";
				COPY_PHASE_STRIP = NO;
				DEBUG_INFORMATION_FORMAT = "dwarf-with-dsym";
				ENABLE_NS_ASSERTIONS = NO;
				ENABLE_STRICT_OBJC_MSGSEND = YES;
				GCC_C_LANGUAGE_STANDARD = gnu99;
				GCC_NO_COMMON_BLOCKS = YES;
				GCC_WARN_64_TO_32_BIT_CONVERSION = YES;
				GCC_WARN_ABOUT_RETURN_TYPE = YES_ERROR;
				GCC_WARN_UNDECLARED_SELECTOR = YES;
				GCC_WARN_UNINITIALIZED_AUTOS = YES_AGGRESSIVE;
				GCC_WARN_UNUSED_FUNCTION = YES;
				GCC_WARN_UNUSED_VARIABLE = YES;
				IPHONEOS_DEPLOYMENT_TARGET = 10.2;
				MTL_ENABLE_DEBUG_INFO = NO;
				SDKROOT = iphoneos;
				SWIFT_OPTIMIZATION_LEVEL = "-Owholemodule";
				VALIDATE_PRODUCT = YES;
			};
			name = Release;
		};
		A1BDB7751E340FBA006CEABD /* Debug */ = {
			isa = XCBuildConfiguration;
			baseConfigurationReference = 4DEDCB531E0225579B311796 /* Pods-TumblrLab.debug.xcconfig */;
			buildSettings = {
				ASSETCATALOG_COMPILER_APPICON_NAME = AppIcon;
				DEVELOPMENT_TEAM = TRQ9HDB883;
				INFOPLIST_FILE = TumblrLab/Info.plist;
				IPHONEOS_DEPLOYMENT_TARGET = 8.0;
				LD_RUNPATH_SEARCH_PATHS = "$(inherited) @executable_path/Frameworks";
				PRODUCT_BUNDLE_IDENTIFIER = com.eric.TumblrLab;
				PRODUCT_NAME = "$(TARGET_NAME)";
				SWIFT_VERSION = 3.0;
			};
			name = Debug;
		};
		A1BDB7761E340FBA006CEABD /* Release */ = {
			isa = XCBuildConfiguration;
			baseConfigurationReference = C3F6A1E6B8FD7FAD63145C9D /* Pods-TumblrLab.release.xcconfig */;
			buildSettings = {
				ASSETCATALOG_COMPILER_APPICON_NAME = AppIcon;
				DEVELOPMENT_TEAM = TRQ9HDB883;
				INFOPLIST_FILE = TumblrLab/Info.plist;
				IPHONEOS_DEPLOYMENT_TARGET = 8.0;
				LD_RUNPATH_SEARCH_PATHS = "$(inherited) @executable_path/Frameworks";
				PRODUCT_BUNDLE_IDENTIFIER = com.eric.TumblrLab;
				PRODUCT_NAME = "$(TARGET_NAME)";
				SWIFT_VERSION = 3.0;
			};
			name = Release;
		};
/* End XCBuildConfiguration section */

/* Begin XCConfigurationList section */
		A1BDB75D1E340FBA006CEABD /* Build configuration list for PBXProject "TumblrLab" */ = {
			isa = XCConfigurationList;
			buildConfigurations = (
				A1BDB7721E340FBA006CEABD /* Debug */,
				A1BDB7731E340FBA006CEABD /* Release */,
			);
			defaultConfigurationIsVisible = 0;
			defaultConfigurationName = Release;
		};
		A1BDB7741E340FBA006CEABD /* Build configuration list for PBXNativeTarget "TumblrLab" */ = {
			isa = XCConfigurationList;
			buildConfigurations = (
				A1BDB7751E340FBA006CEABD /* Debug */,
				A1BDB7761E340FBA006CEABD /* Release */,
			);
			defaultConfigurationIsVisible = 0;
			defaultConfigurationName = Release;
		};
/* End XCConfigurationList section */
	};
	rootObject = A1BDB75A1E340FBA006CEABD /* Project object */;
}
